
Microsoft Visual Studio Solution File, Format Version 12.00
# Visual Studio Version 17
VisualStudioVersion = 17.8.34330.188
MinimumVisualStudioVersion = 10.0.40219.1
Project("{FAE04EC0-301F-11D3-BF4B-00C04F79EFBC}") = "Aula11_EFCoreTutorialConsole", "Aula11_EFCoreTutorialConsole\Aula11_EFCoreTutorialConsole.csproj", "{ADBFD625-8D20-4525-A34A-D7EE6D2233FF}"
EndProject
Global
	GlobalSection(SolutionConfigurationPlatforms) = preSolution
		Debug|Any CPU = Debug|Any CPU
		Release|Any CPU = Release|Any CPU
	EndGlobalSection
	GlobalSection(ProjectConfigurationPlatforms) = postSolution
		{ADBFD625-8D20-4525-A34A-D7EE6D2233FF}.Debug|Any CPU.ActiveCfg = Debug|Any CPU
		{ADBFD625-8D20-4525-A34A-D7EE6D2233FF}.Debug|Any CPU.Build.0 = Debug|Any CPU
		{ADBFD625-8D20-4525-A34A-D7EE6D2233FF}.Release|Any CPU.ActiveCfg = Release|Any CPU
		{ADBFD625-8D20-4525-A34A-D7EE6D2233FF}.Release|Any CPU.Build.0 = Release|Any CPU
	EndGlobalSection
	GlobalSection(SolutionProperties) = preSolution
		HideSolutionNode = FALSE
	EndGlobalSection
	GlobalSection(ExtensibilityGlobals) = postSolution
		SolutionGuid = {540AD5D3-FA22-43C2-A9FD-FF730FA970A2}
	EndGlobalSection
EndGlobal
