
Microsoft Visual Studio Solution File, Format Version 12.00
# Visual Studio Version 17
VisualStudioVersion = 17.8.34330.188
MinimumVisualStudioVersion = 10.0.40219.1
Project("{FAE04EC0-301F-11D3-BF4B-00C04F79EFBC}") = "ProjetoDeConsultas", "ProjetoDeConsultas\ProjetoDeConsultas.csproj", "{5BCA43F1-5807-4F5C-8B68-78551C4CAB43}"
EndProject
Global
	GlobalSection(SolutionConfigurationPlatforms) = preSolution
		Debug|Any CPU = Debug|Any CPU
		Release|Any CPU = Release|Any CPU
	EndGlobalSection
	GlobalSection(ProjectConfigurationPlatforms) = postSolution
		{5BCA43F1-5807-4F5C-8B68-78551C4CAB43}.Debug|Any CPU.ActiveCfg = Debug|Any CPU
		{5BCA43F1-5807-4F5C-8B68-78551C4CAB43}.Debug|Any CPU.Build.0 = Debug|Any CPU
		{5BCA43F1-5807-4F5C-8B68-78551C4CAB43}.Release|Any CPU.ActiveCfg = Release|Any CPU
		{5BCA43F1-5807-4F5C-8B68-78551C4CAB43}.Release|Any CPU.Build.0 = Release|Any CPU
	EndGlobalSection
	GlobalSection(SolutionProperties) = preSolution
		HideSolutionNode = FALSE
	EndGlobalSection
	GlobalSection(ExtensibilityGlobals) = postSolution
		SolutionGuid = {76DE957D-8D66-44F0-94F1-7542FC372722}
	EndGlobalSection
EndGlobal
