
Microsoft Visual Studio Solution File, Format Version 12.00
# Visual Studio Version 17
VisualStudioVersion = 17.8.34330.188
MinimumVisualStudioVersion = 10.0.40219.1
Project("{FAE04EC0-301F-11D3-BF4B-00C04F79EFBC}") = "Todo", "Todo\Todo.csproj", "{F645EC0D-6998-4F30-92A1-8236CE1097C2}"
EndProject
Global
	GlobalSection(SolutionConfigurationPlatforms) = preSolution
		Debug|Any CPU = Debug|Any CPU
		Release|Any CPU = Release|Any CPU
	EndGlobalSection
	GlobalSection(ProjectConfigurationPlatforms) = postSolution
		{F645EC0D-6998-4F30-92A1-8236CE1097C2}.Debug|Any CPU.ActiveCfg = Debug|Any CPU
		{F645EC0D-6998-4F30-92A1-8236CE1097C2}.Debug|Any CPU.Build.0 = Debug|Any CPU
		{F645EC0D-6998-4F30-92A1-8236CE1097C2}.Release|Any CPU.ActiveCfg = Release|Any CPU
		{F645EC0D-6998-4F30-92A1-8236CE1097C2}.Release|Any CPU.Build.0 = Release|Any CPU
	EndGlobalSection
	GlobalSection(SolutionProperties) = preSolution
		HideSolutionNode = FALSE
	EndGlobalSection
	GlobalSection(ExtensibilityGlobals) = postSolution
		SolutionGuid = {7420D60F-F1BE-438F-9959-BF504E479BB4}
	EndGlobalSection
EndGlobal
