
Microsoft Visual Studio Solution File, Format Version 12.00
# Visual Studio Version 17
VisualStudioVersion = 17.8.34330.188
MinimumVisualStudioVersion = 10.0.40219.1
Project("{FAE04EC0-301F-11D3-BF4B-00C04F79EFBC}") = "Capitulo02.Razor", "Capitulo02.Razor\Capitulo02.Razor.csproj", "{F89F2F06-456E-4795-A8E4-9308AFFD966D}"
EndProject
Global
	GlobalSection(SolutionConfigurationPlatforms) = preSolution
		Debug|Any CPU = Debug|Any CPU
		Release|Any CPU = Release|Any CPU
	EndGlobalSection
	GlobalSection(ProjectConfigurationPlatforms) = postSolution
		{F89F2F06-456E-4795-A8E4-9308AFFD966D}.Debug|Any CPU.ActiveCfg = Debug|Any CPU
		{F89F2F06-456E-4795-A8E4-9308AFFD966D}.Debug|Any CPU.Build.0 = Debug|Any CPU
		{F89F2F06-456E-4795-A8E4-9308AFFD966D}.Release|Any CPU.ActiveCfg = Release|Any CPU
		{F89F2F06-456E-4795-A8E4-9308AFFD966D}.Release|Any CPU.Build.0 = Release|Any CPU
	EndGlobalSection
	GlobalSection(SolutionProperties) = preSolution
		HideSolutionNode = FALSE
	EndGlobalSection
	GlobalSection(ExtensibilityGlobals) = postSolution
		SolutionGuid = {1CC4530B-A9CF-4E9F-80E8-D52B8C8E0F6D}
	EndGlobalSection
EndGlobal
